
Microsoft Visual Studio Solution File, Format Version 12.00
# Visual Studio Version 17
VisualStudioVersion = 17.5.33516.290
MinimumVisualStudioVersion = 10.0.40219.1
Project("{FAE04EC0-301F-11D3-BF4B-00C04F79EFBC}") = "Gate Pass management", "Gate Pass management.csproj", "{14B27B65-E9E5-41C5-B5EC-BD147B98510A}"
EndProject
Global
	GlobalSection(SolutionConfigurationPlatforms) = preSolution
		Debug|Any CPU = Debug|Any CPU
		Release|Any CPU = Release|Any CPU
	EndGlobalSection
	GlobalSection(ProjectConfigurationPlatforms) = postSolution
		{14B27B65-E9E5-41C5-B5EC-BD147B98510A}.Debug|Any CPU.ActiveCfg = Debug|Any CPU
		{14B27B65-E9E5-41C5-B5EC-BD147B98510A}.Debug|Any CPU.Build.0 = Debug|Any CPU
		{14B27B65-E9E5-41C5-B5EC-BD147B98510A}.Release|Any CPU.ActiveCfg = Release|Any CPU
		{14B27B65-E9E5-41C5-B5EC-BD147B98510A}.Release|Any CPU.Build.0 = Release|Any CPU
	EndGlobalSection
	GlobalSection(SolutionProperties) = preSolution
		HideSolutionNode = FALSE
	EndGlobalSection
	GlobalSection(ExtensibilityGlobals) = postSolution
		SolutionGuid = {B6CD3F1E-06A2-4F30-AAA7-11F518A46EE7}
	EndGlobalSection
EndGlobal
